// !$*UTF8*$!
{
	archiveVersion = 1;
	classes = {
	};
	objectVersion = 48;
	objects = {

/* Begin PBXBuildFile section */
		944B11EB1FD7D43C00667A23 /* AppDelegate.swift in Sources */ = {isa = PBXBuildFile; fileRef = 944B11EA1FD7D43C00667A23 /* AppDelegate.swift */; };
		944B11ED1FD7D43C00667A23 /* ViewController.swift in Sources */ = {isa = PBXBuildFile; fileRef = 944B11EC1FD7D43C00667A23 /* ViewController.swift */; };
		944B11F01FD7D43C00667A23 /* Main.storyboard in Resources */ = {isa = PBXBuildFile; fileRef = 944B11EE1FD7D43C00667A23 /* Main.storyboard */; };
		944B11F31FD7D43C00667A23 /* Plan.xcdatamodeld in Sources */ = {isa = PBXBuildFile; fileRef = 944B11F11FD7D43C00667A23 /* Plan.xcdatamodeld */; };
		944B11F51FD7D43C00667A23 /* Assets.xcassets in Resources */ = {isa = PBXBuildFile; fileRef = 944B11F41FD7D43C00667A23 /* Assets.xcassets */; };
		944B11F81FD7D43C00667A23 /* LaunchScreen.storyboard in Resources */ = {isa = PBXBuildFile; fileRef = 944B11F61FD7D43C00667A23 /* LaunchScreen.storyboard */; };
		944B12001FD7D83D00667A23 /* CollectionViewCell.swift in Sources */ = {isa = PBXBuildFile; fileRef = 944B11FF1FD7D83D00667A23 /* CollectionViewCell.swift */; };
		94DEF4D51FD7EA5600F7D653 /* CollectionHeader.swift in Sources */ = {isa = PBXBuildFile; fileRef = 94DEF4D41FD7EA5600F7D653 /* CollectionHeader.swift */; };
/* End PBXBuildFile section */

/* Begin PBXFileReference section */
		944B11E71FD7D43C00667A23 /* Plan.app */ = {isa = PBXFileReference; explicitFileType = wrapper.application; includeInIndex = 0; path = Plan.app; sourceTree = BUILT_PRODUCTS_DIR; };
		944B11EA1FD7D43C00667A23 /* AppDelegate.swift */ = {isa = PBXFileReference; lastKnownFileType = sourcecode.swift; path = AppDelegate.swift; sourceTree = "<group>"; };
		944B11EC1FD7D43C00667A23 /* ViewController.swift */ = {isa = PBXFileReference; lastKnownFileType = sourcecode.swift; path = ViewController.swift; sourceTree = "<group>"; };
		944B11EF1FD7D43C00667A23 /* Base */ = {isa = PBXFileReference; lastKnownFileType = file.storyboard; name = Base; path = Base.lproj/Main.storyboard; sourceTree = "<group>"; };
		944B11F21FD7D43C00667A23 /* Plan.xcdatamodel */ = {isa = PBXFileReference; lastKnownFileType = wrapper.xcdatamodel; path = Plan.xcdatamodel; sourceTree = "<group>"; };
		944B11F41FD7D43C00667A23 /* Assets.xcassets */ = {isa = PBXFileReference; lastKnownFileType = folder.assetcatalog; path = Assets.xcassets; sourceTree = "<group>"; };
		944B11F71FD7D43C00667A23 /* Base */ = {isa = PBXFileReference; lastKnownFileType = file.storyboard; name = Base; path = Base.lproj/LaunchScreen.storyboard; sourceTree = "<group>"; };
		944B11F91FD7D43C00667A23 /* Info.plist */ = {isa = PBXFileReference; lastKnownFileType = text.plist.xml; path = Info.plist; sourceTree = "<group>"; };
		944B11FF1FD7D83D00667A23 /* CollectionViewCell.swift */ = {isa = PBXFileReference; lastKnownFileType = sourcecode.swift; path = CollectionViewCell.swift; sourceTree = "<group>"; };
		94DEF4D41FD7EA5600F7D653 /* CollectionHeader.swift */ = {isa = PBXFileReference; lastKnownFileType = sourcecode.swift; path = CollectionHeader.swift; sourceTree = "<group>"; };
/* End PBXFileReference section */

/* Begin PBXFrameworksBuildPhase section */
		944B11E41FD7D43C00667A23 /* Frameworks */ = {
			isa = PBXFrameworksBuildPhase;
			buildActionMask = 2147483647;
			files = (
			);
			runOnlyForDeploymentPostprocessing = 0;
		};
/* End PBXFrameworksBuildPhase section */

/* Begin PBXGroup section */
		944B11DE1FD7D43B00667A23 = {
			isa = PBXGroup;
			children = (
				944B11E91FD7D43C00667A23 /* Plan */,
				944B11E81FD7D43C00667A23 /* Products */,
			);
			sourceTree = "<group>";
		};
		944B11E81FD7D43C00667A23 /* Products */ = {
			isa = PBXGroup;
			children = (
				944B11E71FD7D43C00667A23 /* Plan.app */,
			);
			name = Products;
			sourceTree = "<group>";
		};
		944B11E91FD7D43C00667A23 /* Plan */ = {
			isa = PBXGroup;
			children = (
				944B11EA1FD7D43C00667A23 /* AppDelegate.swift */,
				944B11EC1FD7D43C00667A23 /* ViewController.swift */,
				944B11FF1FD7D83D00667A23 /* CollectionViewCell.swift */,
				94DEF4D41FD7EA5600F7D653 /* CollectionHeader.swift */,
				944B11EE1FD7D43C00667A23 /* Main.storyboard */,
				944B11F41FD7D43C00667A23 /* Assets.xcassets */,
				944B11F61FD7D43C00667A23 /* LaunchScreen.storyboard */,
				944B11F91FD7D43C00667A23 /* Info.plist */,
				944B11F11FD7D43C00667A23 /* Plan.xcdatamodeld */,
			);
			path = Plan;
			sourceTree = "<group>";
		};
/* End PBXGroup section */

/* Begin PBXNativeTarget section */
		944B11E61FD7D43C00667A23 /* Plan */ = {
			isa = PBXNativeTarget;
			buildConfigurationList = 944B11FC1FD7D43C00667A23 /* Build configuration list for PBXNativeTarget "Plan" */;
			buildPhases = (
				944B11E31FD7D43C00667A23 /* Sources */,
				944B11E41FD7D43C00667A23 /* Frameworks */,
				944B11E51FD7D43C00667A23 /* Resources */,
			);
			buildRules = (
			);
			dependencies = (
			);
			name = Plan;
			productName = Plan;
			productReference = 944B11E71FD7D43C00667A23 /* Plan.app */;
			productType = "com.apple.product-type.application";
		};
/* End PBXNativeTarget section */

/* Begin PBXProject section */
		944B11DF1FD7D43B00667A23 /* Project object */ = {
			isa = PBXProject;
			attributes = {
				LastSwiftUpdateCheck = 0910;
				LastUpgradeCheck = 0910;
				ORGANIZATIONNAME = Wu;
				TargetAttributes = {
					944B11E61FD7D43C00667A23 = {
						CreatedOnToolsVersion = 9.1;
						ProvisioningStyle = Automatic;
					};
				};
			};
			buildConfigurationList = 944B11E21FD7D43B00667A23 /* Build configuration list for PBXProject "Plan" */;
			compatibilityVersion = "Xcode 8.0";
			developmentRegion = en;
			hasScannedForEncodings = 0;
			knownRegions = (
				en,
				Base,
			);
			mainGroup = 944B11DE1FD7D43B00667A23;
			productRefGroup = 944B11E81FD7D43C00667A23 /* Products */;
			projectDirPath = "";
			projectRoot = "";
			targets = (
				944B11E61FD7D43C00667A23 /* Plan */,
			);
		};
/* End PBXProject section */

/* Begin PBXResourcesBuildPhase section */
		944B11E51FD7D43C00667A23 /* Resources */ = {
			isa = PBXResourcesBuildPhase;
			buildActionMask = 2147483647;
			files = (
				944B11F81FD7D43C00667A23 /* LaunchScreen.storyboard in Resources */,
				944B11F51FD7D43C00667A23 /* Assets.xcassets in Resources */,
				944B11F01FD7D43C00667A23 /* Main.storyboard in Resources */,
			);
			runOnlyForDeploymentPostprocessing = 0;
		};
/* End PBXResourcesBuildPhase section */

/* Begin PBXSourcesBuildPhase section */
		944B11E31FD7D43C00667A23 /* Sources */ = {
			isa = PBXSourcesBuildPhase;
			buildActionMask = 2147483647;
			files = (
				944B11ED1FD7D43C00667A23 /* ViewController.swift in Sources */,
				944B11F31FD7D43C00667A23 /* Plan.xcdatamodeld in Sources */,
				944B12001FD7D83D00667A23 /* CollectionViewCell.swift in Sources */,
				944B11EB1FD7D43C00667A23 /* AppDelegate.swift in Sources */,
				94DEF4D51FD7EA5600F7D653 /* CollectionHeader.swift in Sources */,
			);
			runOnlyForDeploymentPostprocessing = 0;
		};
/* End PBXSourcesBuildPhase section */

/* Begin PBXVariantGroup section */
		944B11EE1FD7D43C00667A23 /* Main.storyboard */ = {
			isa = PBXVariantGroup;
			children = (
				944B11EF1FD7D43C00667A23 /* Base */,
			);
			name = Main.storyboard;
			sourceTree = "<group>";
		};
		944B11F61FD7D43C00667A23 /* LaunchScreen.storyboard */ = {
			isa = PBXVariantGroup;
			children = (
				944B11F71FD7D43C00667A23 /* Base */,
			);
			name = LaunchScreen.storyboard;
			sourceTree = "<group>";
		};
/* End PBXVariantGroup section */

/* Begin XCBuildConfiguration section */
		944B11FA1FD7D43C00667A23 /* Debug */ = {
			isa = XCBuildConfiguration;
			buildSettings = {
				ALWAYS_SEARCH_USER_PATHS = NO;
				CLANG_ANALYZER_NONNULL = YES;
				CLANG_ANALYZER_NUMBER_OBJECT_CONVERSION = YES_AGGRESSIVE;
				CLANG_CXX_LANGUAGE_STANDARD = "gnu++14";
				CLANG_CXX_LIBRARY = "libc++";
				CLANG_ENABLE_MODULES = YES;
				CLANG_ENABLE_OBJC_ARC = YES;
				CLANG_WARN_BLOCK_CAPTURE_AUTORELEASING = YES;
				CLANG_WARN_BOOL_CONVERSION = YES;
				CLANG_WARN_COMMA = YES;
				CLANG_WARN_CONSTANT_CONVERSION = YES;
				CLANG_WARN_DIRECT_OBJC_ISA_USAGE = YES_ERROR;
				CLANG_WARN_DOCUMENTATION_COMMENTS = YES;
				CLANG_WARN_EMPTY_BODY = YES;
				CLANG_WARN_ENUM_CONVERSION = YES;
				CLANG_WARN_INFINITE_RECURSION = YES;
				CLANG_WARN_INT_CONVERSION = YES;
				CLANG_WARN_NON_LITERAL_NULL_CONVERSION = YES;
				CLANG_WARN_OBJC_LITERAL_CONVERSION = YES;
				CLANG_WARN_OBJC_ROOT_CLASS = YES_ERROR;
				CLANG_WARN_RANGE_LOOP_ANALYSIS = YES;
				CLANG_WARN_STRICT_PROTOTYPES = YES;
				CLANG_WARN_SUSPICIOUS_MOVE = YES;
				CLANG_WARN_UNGUARDED_AVAILABILITY = YES_AGGRESSIVE;
				CLANG_WARN_UNREACHABLE_CODE = YES;
				CLANG_WARN__DUPLICATE_METHOD_MATCH = YES;
				CODE_SIGN_IDENTITY = "iPhone Developer";
				COPY_PHASE_STRIP = NO;
				DEBUG_INFORMATION_FORMAT = dwarf;
				ENABLE_STRICT_OBJC_MSGSEND = YES;
				ENABLE_TESTABILITY = YES;
				GCC_C_LANGUAGE_STANDARD = gnu11;
				GCC_DYNAMIC_NO_PIC = NO;
				GCC_NO_COMMON_BLOCKS = YES;
				GCC_OPTIMIZATION_LEVEL = 0;
				GCC_PREPROCESSOR_DEFINITIONS = (
					"DEBUG=1",
					"$(inherited)",
				);
				GCC_WARN_64_TO_32_BIT_CONVERSION = YES;
				GCC_WARN_ABOUT_RETURN_TYPE = YES_ERROR;
				GCC_WARN_UNDECLARED_SELECTOR = YES;
				GCC_WARN_UNINITIALIZED_AUTOS = YES_AGGRESSIVE;
				GCC_WARN_UNUSED_FUNCTION = YES;
				GCC_WARN_UNUSED_VARIABLE = YES;
				IPHONEOS_DEPLOYMENT_TARGET = 11.1;
				MTL_ENABLE_DEBUG_INFO = YES;
				ONLY_ACTIVE_ARCH = YES;
				SDKROOT = iphoneos;
				SWIFT_ACTIVE_COMPILATION_CONDITIONS = DEBUG;
				SWIFT_OPTIMIZATION_LEVEL = "-Onone";
			};
			name = Debug;
		};
		944B11FB1FD7D43C00667A23 /* Release */ = {
			isa = XCBuildConfiguration;
			buildSettings = {
				ALWAYS_SEARCH_USER_PATHS = NO;
				CLANG_ANALYZER_NONNULL = YES;
				CLANG_ANALYZER_NUMBER_OBJECT_CONVERSION = YES_AGGRESSIVE;
				CLANG_CXX_LANGUAGE_STANDARD = "gnu++14";
				CLANG_CXX_LIBRARY = "libc++";
				CLANG_ENABLE_MODULES = YES;
				CLANG_ENABLE_OBJC_ARC = YES;
				CLANG_WARN_BLOCK_CAPTURE_AUTORELEASING = YES;
				CLANG_WARN_BOOL_CONVERSION = YES;
				CLANG_WARN_COMMA = YES;
				CLANG_WARN_CONSTANT_CONVERSION = YES;
				CLANG_WARN_DIRECT_OBJC_ISA_USAGE = YES_ERROR;
				CLANG_WARN_DOCUMENTATION_COMMENTS = YES;
				CLANG_WARN_EMPTY_BODY = YES;
				CLANG_WARN_ENUM_CONVERSION = YES;
				CLANG_WARN_INFINITE_RECURSION = YES;
				CLANG_WARN_INT_CONVERSION = YES;
				CLANG_WARN_NON_LITERAL_NULL_CONVERSION = YES;
				CLANG_WARN_OBJC_LITERAL_CONVERSION = YES;
				CLANG_WARN_OBJC_ROOT_CLASS = YES_ERROR;
				CLANG_WARN_RANGE_LOOP_ANALYSIS = YES;
				CLANG_WARN_STRICT_PROTOTYPES = YES;
				CLANG_WARN_SUSPICIOUS_MOVE = YES;
				CLANG_WARN_UNGUARDED_AVAILABILITY = YES_AGGRESSIVE;
				CLANG_WARN_UNREACHABLE_CODE = YES;
				CLANG_WARN__DUPLICATE_METHOD_MATCH = YES;
				CODE_SIGN_IDENTITY = "iPhone Developer";
				COPY_PHASE_STRIP = NO;
				DEBUG_INFORMATION_FORMAT = "dwarf-with-dsym";
				ENABLE_NS_ASSERTIONS = NO;
				ENABLE_STRICT_OBJC_MSGSEND = YES;
				GCC_C_LANGUAGE_STANDARD = gnu11;
				GCC_NO_COMMON_BLOCKS = YES;
				GCC_WARN_64_TO_32_BIT_CONVERSION = YES;
				GCC_WARN_ABOUT_RETURN_TYPE = YES_ERROR;
				GCC_WARN_UNDECLARED_SELECTOR = YES;
				GCC_WARN_UNINITIALIZED_AUTOS = YES_AGGRESSIVE;
				GCC_WARN_UNUSED_FUNCTION = YES;
				GCC_WARN_UNUSED_VARIABLE = YES;
				IPHONEOS_DEPLOYMENT_TARGET = 11.1;
				MTL_ENABLE_DEBUG_INFO = NO;
				SDKROOT = iphoneos;
				SWIFT_OPTIMIZATION_LEVEL = "-Owholemodule";
				VALIDATE_PRODUCT = YES;
			};
			name = Release;
		};
		944B11FD1FD7D43C00667A23 /* Debug */ = {
			isa = XCBuildConfiguration;
			buildSettings = {
				ASSETCATALOG_COMPILER_APPICON_NAME = AppIcon;
				CODE_SIGN_STYLE = Automatic;
				INFOPLIST_FILE = Plan/Info.plist;
				LD_RUNPATH_SEARCH_PATHS = "$(inherited) @executable_path/Frameworks";
				PRODUCT_BUNDLE_IDENTIFIER = wu.Plan;
				PRODUCT_NAME = "$(TARGET_NAME)";
				SWIFT_VERSION = 4.0;
				TARGETED_DEVICE_FAMILY = 2;
			};
			name = Debug;
		};
		944B11FE1FD7D43C00667A23 /* Release */ = {
			isa = XCBuildConfiguration;
			buildSettings = {
				ASSETCATALOG_COMPILER_APPICON_NAME = AppIcon;
				CODE_SIGN_STYLE = Automatic;
				INFOPLIST_FILE = Plan/Info.plist;
				LD_RUNPATH_SEARCH_PATHS = "$(inherited) @executable_path/Frameworks";
				PRODUCT_BUNDLE_IDENTIFIER = wu.Plan;
				PRODUCT_NAME = "$(TARGET_NAME)";
				SWIFT_VERSION = 4.0;
				TARGETED_DEVICE_FAMILY = 2;
			};
			name = Release;
		};
/* End XCBuildConfiguration section */

/* Begin XCConfigurationList section */
		944B11E21FD7D43B00667A23 /* Build configuration list for PBXProject "Plan" */ = {
			isa = XCConfigurationList;
			buildConfigurations = (
				944B11FA1FD7D43C00667A23 /* Debug */,
				944B11FB1FD7D43C00667A23 /* Release */,
			);
			defaultConfigurationIsVisible = 0;
			defaultConfigurationName = Release;
		};
		944B11FC1FD7D43C00667A23 /* Build configuration list for PBXNativeTarget "Plan" */ = {
			isa = XCConfigurationList;
			buildConfigurations = (
				944B11FD1FD7D43C00667A23 /* Debug */,
				944B11FE1FD7D43C00667A23 /* Release */,
			);
			defaultConfigurationIsVisible = 0;
			defaultConfigurationName = Release;
		};
/* End XCConfigurationList section */

/* Begin XCVersionGroup section */
		944B11F11FD7D43C00667A23 /* Plan.xcdatamodeld */ = {
			isa = XCVersionGroup;
			children = (
				944B11F21FD7D43C00667A23 /* Plan.xcdatamodel */,
			);
			currentVersion = 944B11F21FD7D43C00667A23 /* Plan.xcdatamodel */;
			path = Plan.xcdatamodeld;
			sourceTree = "<group>";
			versionGroupType = wrapper.xcdatamodel;
		};
/* End XCVersionGroup section */
	};
	rootObject = 944B11DF1FD7D43B00667A23 /* Project object */;
}
